
Microsoft Visual Studio Solution File, Format Version 11.00
# Visual Studio 2010
Project("{FAE04EC0-301F-11D3-BF4B-00C04F79EFBC}") = "Assembly-CSharp", "Assembly-CSharp.csproj", "{0F0AA762-AE4F-9424-F1E8-23CE1A9ABDB0}"
EndProject
Project("{FAE04EC0-301F-11D3-BF4B-00C04F79EFBC}") = "Assembly-CSharp-Editor", "Assembly-CSharp-Editor.csproj", "{F9852965-E696-929F-F9A2-69AF613B9C8B}"
EndProject
Global
	GlobalSection(SolutionConfigurationPlatforms) = preSolution
		Debug|Any CPU = Debug|Any CPU
		Release|Any CPU = Release|Any CPU
	EndGlobalSection
	GlobalSection(ProjectConfigurationPlatforms) = postSolution
		{0F0AA762-AE4F-9424-F1E8-23CE1A9ABDB0}.Debug|Any CPU.ActiveCfg = Debug|Any CPU
		{0F0AA762-AE4F-9424-F1E8-23CE1A9ABDB0}.Debug|Any CPU.Build.0 = Debug|Any CPU
		{0F0AA762-AE4F-9424-F1E8-23CE1A9ABDB0}.Release|Any CPU.ActiveCfg = Release|Any CPU
		{0F0AA762-AE4F-9424-F1E8-23CE1A9ABDB0}.Release|Any CPU.Build.0 = Release|Any CPU
		{F9852965-E696-929F-F9A2-69AF613B9C8B}.Debug|Any CPU.ActiveCfg = Debug|Any CPU
		{F9852965-E696-929F-F9A2-69AF613B9C8B}.Debug|Any CPU.Build.0 = Debug|Any CPU
		{F9852965-E696-929F-F9A2-69AF613B9C8B}.Release|Any CPU.ActiveCfg = Release|Any CPU
		{F9852965-E696-929F-F9A2-69AF613B9C8B}.Release|Any CPU.Build.0 = Release|Any CPU
	EndGlobalSection
	GlobalSection(SolutionProperties) = preSolution
		HideSolutionNode = FALSE
	EndGlobalSection
	GlobalSection(MonoDevelopProperties) = preSolution
		StartupItem = Assembly-CSharp.csproj
	EndGlobalSection
EndGlobal
