
Microsoft Visual Studio Solution File, Format Version 12.00
# Visual Studio for Mac
Project("{FAE04EC0-301F-11D3-BF4B-00C04F79EFBC}") = "Assembly-CSharp", "Assembly-CSharp.csproj", "{727C7A34-AAB5-5344-4B24-180C51FF4395}"
EndProject
Project("{FAE04EC0-301F-11D3-BF4B-00C04F79EFBC}") = "Assembly-CSharp-firstpass", "Assembly-CSharp-firstpass.csproj", "{410DEA6F-9D97-F218-A62B-669D2EB9FC39}"
EndProject
Project("{FAE04EC0-301F-11D3-BF4B-00C04F79EFBC}") = "Assembly-CSharp-Editor", "Assembly-CSharp-Editor.csproj", "{A194E800-52D2-3CCF-9301-AA6095F821D2}"
EndProject
Global
	GlobalSection(SolutionConfigurationPlatforms) = preSolution
		Debug|Any CPU = Debug|Any CPU
		Release|Any CPU = Release|Any CPU
	EndGlobalSection
	GlobalSection(ProjectConfigurationPlatforms) = postSolution
		{727C7A34-AAB5-5344-4B24-180C51FF4395}.Debug|Any CPU.ActiveCfg = Debug|Any CPU
		{727C7A34-AAB5-5344-4B24-180C51FF4395}.Debug|Any CPU.Build.0 = Debug|Any CPU
		{727C7A34-AAB5-5344-4B24-180C51FF4395}.Release|Any CPU.ActiveCfg = Release|Any CPU
		{727C7A34-AAB5-5344-4B24-180C51FF4395}.Release|Any CPU.Build.0 = Release|Any CPU
		{410DEA6F-9D97-F218-A62B-669D2EB9FC39}.Debug|Any CPU.ActiveCfg = Debug|Any CPU
		{410DEA6F-9D97-F218-A62B-669D2EB9FC39}.Debug|Any CPU.Build.0 = Debug|Any CPU
		{410DEA6F-9D97-F218-A62B-669D2EB9FC39}.Release|Any CPU.ActiveCfg = Release|Any CPU
		{410DEA6F-9D97-F218-A62B-669D2EB9FC39}.Release|Any CPU.Build.0 = Release|Any CPU
		{A194E800-52D2-3CCF-9301-AA6095F821D2}.Debug|Any CPU.ActiveCfg = Debug|Any CPU
		{A194E800-52D2-3CCF-9301-AA6095F821D2}.Debug|Any CPU.Build.0 = Debug|Any CPU
		{A194E800-52D2-3CCF-9301-AA6095F821D2}.Release|Any CPU.ActiveCfg = Release|Any CPU
		{A194E800-52D2-3CCF-9301-AA6095F821D2}.Release|Any CPU.Build.0 = Release|Any CPU
	EndGlobalSection
	GlobalSection(SolutionProperties) = preSolution
		HideSolutionNode = FALSE
	EndGlobalSection
EndGlobal
